{
  "name": "vera-report-midnight-contract",
  "lockfileVersion": 3,
  "requires": true,
  "packages": {
    "": {
      "name": "vera-report-midnight-contract",
      "dependencies": {
        "@midnight-ntwrk/compact-runtime": "0.15.0"
      },
      "engines": {
        "node": ">=22"
      }
    },
    "node_modules/@midnight-ntwrk/compact-runtime": {
      "version": "0.15.0",
      "resolved": "https://registry.npmjs.org/@midnight-ntwrk/compact-runtime/-/compact-runtime-0.15.0.tgz",
      "integrity": "sha512-6+odrxb83ZZwF29SqNBBgaOR3hf5ej4KZVGibDwdXta9+uiv6qYW0fMrsKP9S+c2AqvY+vEb5NEFFI54lA7G5A==",
      "license": "Apache-2.0",
      "dependencies": {
        "@midnight-ntwrk/onchain-runtime-v3": "^3.0.0",
        "@types/object-inspect": "^1.8.1",
        "object-inspect": "^1.12.3"
      }
    },
    "node_modules/@midnight-ntwrk/onchain-runtime-v3": {
      "version": "3.1.1",
      "resolved": "https://registry.npmjs.org/@midnight-ntwrk/onchain-runtime-v3/-/onchain-runtime-v3-3.1.1.tgz",
      "integrity": "sha512-3H5soWI8fWrngV/BzFpZMbx/JsyaK0us8MYe+P8ruwR01SdVMZiypWZRmKq2Dmwn0ZurE3mOdyOd+oYPH7VvTA=="
    },
    "node_modules/@types/object-inspect": {
      "version": "1.13.0",
      "resolved": "https://registry.npmjs.org/@types/object-inspect/-/object-inspect-1.13.0.tgz",
      "integrity": "sha512-lwGTVESDDV+XsQ1pH4UifpJ1f7OtXzQ6QBOX2Afq2bM/T3oOt8hF6exJMjjIjtEWeAN2YAo25J7HxWh97CCz9w==",
      "license": "MIT"
    },
    "node_modules/object-inspect": {
      "version": "1.13.4",
      "resolved": "https://registry.npmjs.org/object-inspect/-/object-inspect-1.13.4.tgz",
      "integrity": "sha512-W67iLl4J2EXEGTbfeHCffrjDfitvLANg0UlX3wFUUSTx92KXRFegMHUVgSqE+wvhAbi4WqjGg9czysTV2Epbew==",
      "license": "MIT",
      "engines": {
        "node": ">= 0.4"
      },
      "funding": {
        "url": "https://github.com/sponsors/ljharb"
      }
    }
  }
}
